{
  "name": "heychat",
  "version": "1.0.0",
  "lockfileVersion": 3,
  "requires": true,
  "packages": {
    "": {
      "name": "heychat",
      "version": "1.0.0",
      "license": "ISC",
      "dependencies": {
        "@arcjet/inspect": "^1.3.0",
        "@arcjet/node": "^1.3.0"
      }
    },
    "node_modules/@arcjet/analyze": {
      "version": "1.3.0",
      "resolved": "https://registry.npmjs.org/@arcjet/analyze/-/analyze-1.3.0.tgz",
      "integrity": "sha512-2lqS8T1IIWTvEmC93siSd2iiE2pjSEEjoIsMxQzYWSIiBG3Efr1dI0RgHpcaCyXsglSeBkWkhjJiZbKlMw+nhw==",
      "license": "Apache-2.0",
      "dependencies": {
        "@arcjet/analyze-wasm": "1.3.0",
        "@arcjet/protocol": "1.3.0"
      },
      "engines": {
        "node": ">=20"
      }
    },
    "node_modules/@arcjet/analyze-wasm": {
      "version": "1.3.0",
      "resolved": "https://registry.npmjs.org/@arcjet/analyze-wasm/-/analyze-wasm-1.3.0.tgz",
      "integrity": "sha512-N2hYM2/AW8eXlyLofBCtvduE5kcwL8wBvnBH010+nAVdVn3Fx0J5b0aQEQ17XtXVH2B2QlHm3sUn9LhUpQfHIg==",
      "license": "Apache-2.0",
      "engines": {
        "node": ">=20"
      }
    },
    "node_modules/@arcjet/body": {
      "version": "1.3.0",
      "resolved": "https://registry.npmjs.org/@arcjet/body/-/body-1.3.0.tgz",
      "integrity": "sha512-OwxQd1gYJVKmDLTbwbDvc3E1w5twxlJujpxpL+PqaU72l/HjDytRIe21eMsCCzSE1uYb7gZ/D9XWoy89CMWFmA==",
      "license": "Apache-2.0",
      "engines": {
        "node": ">=20"
      }
    },
    "node_modules/@arcjet/cache": {
      "version": "1.3.0",
      "resolved": "https://registry.npmjs.org/@arcjet/cache/-/cache-1.3.0.tgz",
      "integrity": "sha512-CQuyTbRAwsZjxK/w3QxOIrOyD5msQNYQDsJ5ng4fdE1l1vz9WRYvZDUZ8oYztg5qgswwILxBogPDFl1vSOhh3A==",
      "license": "Apache-2.0",
      "engines": {
        "node": ">=20"
      }
    },
    "node_modules/@arcjet/duration": {
      "version": "1.3.0",
      "resolved": "https://registry.npmjs.org/@arcjet/duration/-/duration-1.3.0.tgz",
      "integrity": "sha512-O0Mx2Gc5JkDSnMQ1asYLwG3fTbou1V8mwkUl+rzT+cOfGiDX6j2r3YMgZYV6jQlwqsoS/PSS6odAFUWrjrQPHA==",
      "license": "Apache-2.0",
      "engines": {
        "node": ">=20"
      }
    },
    "node_modules/@arcjet/env": {
      "version": "1.3.0",
      "resolved": "https://registry.npmjs.org/@arcjet/env/-/env-1.3.0.tgz",
      "integrity": "sha512-p/ckMZrw0sgo4ezvTFb7olBO+9aWVQZtwtmBARkDYOYclhFqo5PjrqQcKoRwSRxDE6MtLw4XADYgkzLkmSgxXQ==",
      "license": "Apache-2.0",
      "engines": {
        "node": ">=20"
      }
    },
    "node_modules/@arcjet/headers": {
      "version": "1.3.0",
      "resolved": "https://registry.npmjs.org/@arcjet/headers/-/headers-1.3.0.tgz",
      "integrity": "sha512-B+OYGaTozwhxNFfWnRcDkSD/wMbnhzzSmOyCnXEbxroJrmguflTEUyyMUQ4MCp92+djggr35565kWyZAy/Ls/w==",
      "license": "Apache-2.0",
      "engines": {
        "node": ">=20"
      }
    },
    "node_modules/@arcjet/inspect": {
      "version": "1.3.0",
      "resolved": "https://registry.npmjs.org/@arcjet/inspect/-/inspect-1.3.0.tgz",
      "integrity": "sha512-9OhqUWW8ag9sFSDBfl0jiCPm8Dr40Hz9e9gmtFnhhO9FnjiNqOnbdRIaSd788Xy59KNeS6UzvsciUXIWco5OAQ==",
      "license": "Apache-2.0",
      "dependencies": {
        "@arcjet/protocol": "1.3.0"
      },
      "engines": {
        "node": ">=20"
      }
    },
    "node_modules/@arcjet/ip": {
      "version": "1.3.0",
      "resolved": "https://registry.npmjs.org/@arcjet/ip/-/ip-1.3.0.tgz",
      "integrity": "sha512-yXdj1G1LoM8BAZH9Q+pf7TbGvkQht8zj/T6DhfT0UBTB3Zp4l6GM5h/yDVPuvRHfVmEu00z6b6KwDkjU+CCMXw==",
      "license": "Apache-2.0",
      "engines": {
        "node": ">=20"
      }
    },
    "node_modules/@arcjet/logger": {
      "version": "1.3.0",
      "resolved": "https://registry.npmjs.org/@arcjet/logger/-/logger-1.3.0.tgz",
      "integrity": "sha512-fEyCcA8oIMGDneiLAzJNbF6l2trUciEit+V8XlRUbd7NjyvGQUDhnPOzBD6APEuoLJb/UVtYHN9g7++r/ZG/XQ==",
      "license": "Apache-2.0",
      "dependencies": {
        "@arcjet/sprintf": "1.3.0"
      },
      "engines": {
        "node": ">=20"
      }
    },
    "node_modules/@arcjet/node": {
      "version": "1.3.0",
      "resolved": "https://registry.npmjs.org/@arcjet/node/-/node-1.3.0.tgz",
      "integrity": "sha512-3RaGxZD2tEGVkCzJYs+fhiJZ3f7u07KKAOkhwdGldNiB2Amu5Vm9d6cLk8TzQ/U1/7Nkh7iuYuspbWLqg7+XKw==",
      "license": "Apache-2.0",
      "dependencies": {
        "@arcjet/body": "1.3.0",
        "@arcjet/env": "1.3.0",
        "@arcjet/headers": "1.3.0",
        "@arcjet/ip": "1.3.0",
        "@arcjet/logger": "1.3.0",
        "@arcjet/protocol": "1.3.0",
        "@arcjet/transport": "1.3.0",
        "arcjet": "1.3.0"
      },
      "engines": {
        "node": ">=20"
      }
    },
    "node_modules/@arcjet/protocol": {
      "version": "1.3.0",
      "resolved": "https://registry.npmjs.org/@arcjet/protocol/-/protocol-1.3.0.tgz",
      "integrity": "sha512-sb1uCa65tmwSJn8/TYxV9nNiBGHlviUzJlKNAk8VIT4i7DSVMaNVOingH6A6F9KZj//iysEIoLzpnUbDb1vNpg==",
      "license": "Apache-2.0",
      "dependencies": {
        "@arcjet/cache": "1.3.0",
        "@bufbuild/protobuf": "2.11.0",
        "@connectrpc/connect": "2.1.1",
        "typeid-js": "1.2.0"
      },
      "engines": {
        "node": ">=20"
      }
    },
    "node_modules/@arcjet/runtime": {
      "version": "1.3.0",
      "resolved": "https://registry.npmjs.org/@arcjet/runtime/-/runtime-1.3.0.tgz",
      "integrity": "sha512-/wmVXc0csYK6H3ny/MGM5yreP8uXRAaoEXkRs3ZeZjJ75u2Xc5w8+COKyTrGH/Ii1+rUNtmuo/Ak1K2ZtxQ3IA==",
      "license": "Apache-2.0",
      "engines": {
        "node": ">=20"
      }
    },
    "node_modules/@arcjet/sprintf": {
      "version": "1.3.0",
      "resolved": "https://registry.npmjs.org/@arcjet/sprintf/-/sprintf-1.3.0.tgz",
      "integrity": "sha512-YXMamDqnLSc4Bc7pcOQI7xaacfi2eJWVz/c6708hCfJYWsnq/IV53WQHLFGLMKErD0mjs4gqEmR3UUqUb70EVw==",
      "license": "Apache-2.0",
      "engines": {
        "node": ">=20"
      }
    },
    "node_modules/@arcjet/stable-hash": {
      "version": "1.3.0",
      "resolved": "https://registry.npmjs.org/@arcjet/stable-hash/-/stable-hash-1.3.0.tgz",
      "integrity": "sha512-clmSelOZNTKxBjOg0yPT6xeh61eDN44K4SyJa1LRkbiAG9QWT+I4m9vcEgwYI7aRB4V7Y1gcQa/SqioEmZRvIg==",
      "license": "Apache-2.0",
      "engines": {
        "node": ">=20"
      }
    },
    "node_modules/@arcjet/transport": {
      "version": "1.3.0",
      "resolved": "https://registry.npmjs.org/@arcjet/transport/-/transport-1.3.0.tgz",
      "integrity": "sha512-GdPRHFPE4qlht/ULKjdCOgarCwQfLT9MTTTzzFUyO6ytVEEhml8kchJxXOxjWYZR0j+tbb9VEqDuwuLSZC6H2Q==",
      "license": "Apache-2.0",
      "dependencies": {
        "@bufbuild/protobuf": "2.11.0",
        "@connectrpc/connect": "2.1.1",
        "@connectrpc/connect-node": "2.1.1",
        "@connectrpc/connect-web": "2.1.1"
      },
      "engines": {
        "node": ">=20"
      }
    },
    "node_modules/@bufbuild/protobuf": {
      "version": "2.11.0",
      "resolved": "https://registry.npmjs.org/@bufbuild/protobuf/-/protobuf-2.11.0.tgz",
      "integrity": "sha512-sBXGT13cpmPR5BMgHE6UEEfEaShh5Ror6rfN3yEK5si7QVrtZg8LEPQb0VVhiLRUslD2yLnXtnRzG035J/mZXQ==",
      "license": "(Apache-2.0 AND BSD-3-Clause)"
    },
    "node_modules/@connectrpc/connect": {
      "version": "2.1.1",
      "resolved": "https://registry.npmjs.org/@connectrpc/connect/-/connect-2.1.1.tgz",
      "integrity": "sha512-JzhkaTvM73m2K1URT6tv53k2RwngSmCXLZJgK580qNQOXRzZRR/BCMfZw3h+90JpnG6XksP5bYT+cz0rpUzUWQ==",
      "license": "Apache-2.0",
      "peerDependencies": {
        "@bufbuild/protobuf": "^2.7.0"
      }
    },
    "node_modules/@connectrpc/connect-node": {
      "version": "2.1.1",
      "resolved": "https://registry.npmjs.org/@connectrpc/connect-node/-/connect-node-2.1.1.tgz",
      "integrity": "sha512-s3TfsI1XF+n+1z6MBS9rTnFsxxR4Rw5wmdEnkQINli81ESGxcsfaEet8duzq8LVuuCupmhUsgpRo0Nv9pZkufg==",
      "license": "Apache-2.0",
      "engines": {
        "node": ">=20"
      },
      "peerDependencies": {
        "@bufbuild/protobuf": "^2.7.0",
        "@connectrpc/connect": "2.1.1"
      }
    },
    "node_modules/@connectrpc/connect-web": {
      "version": "2.1.1",
      "resolved": "https://registry.npmjs.org/@connectrpc/connect-web/-/connect-web-2.1.1.tgz",
      "integrity": "sha512-J8317Q2MaFRCT1jzVR1o06bZhDIBmU0UAzWx6xOIXzOq8+k71/+k7MUF7AwcBUX+34WIvbm5syRgC5HXQA8fOg==",
      "license": "Apache-2.0",
      "peerDependencies": {
        "@bufbuild/protobuf": "^2.7.0",
        "@connectrpc/connect": "2.1.1"
      }
    },
    "node_modules/arcjet": {
      "version": "1.3.0",
      "resolved": "https://registry.npmjs.org/arcjet/-/arcjet-1.3.0.tgz",
      "integrity": "sha512-15V0B83ta/Kv+1/KtuqgkdTHYXsv43U5qq+rIWgvzOxUWXpRd8fj41Vr4jxguSaL8yg7fvSFvdzPn3TlvwQAyw==",
      "license": "Apache-2.0",
      "dependencies": {
        "@arcjet/analyze": "1.3.0",
        "@arcjet/cache": "1.3.0",
        "@arcjet/duration": "1.3.0",
        "@arcjet/headers": "1.3.0",
        "@arcjet/protocol": "1.3.0",
        "@arcjet/runtime": "1.3.0",
        "@arcjet/stable-hash": "1.3.0"
      },
      "engines": {
        "node": ">=20"
      }
    },
    "node_modules/typeid-js": {
      "version": "1.2.0",
      "resolved": "https://registry.npmjs.org/typeid-js/-/typeid-js-1.2.0.tgz",
      "integrity": "sha512-t76ZucAnvGC60ea/HjVsB0TSoB0cw9yjnfurUgtInXQWUI/VcrlZGpO23KN3iSe8yOGUgb1zr7W7uEzJ3hSljA==",
      "license": "Apache-2.0",
      "dependencies": {
        "uuid": "^10.0.0"
      }
    },
    "node_modules/uuid": {
      "version": "10.0.0",
      "resolved": "https://registry.npmjs.org/uuid/-/uuid-10.0.0.tgz",
      "integrity": "sha512-8XkAphELsDnEGrDxUOHB3RGvXz6TeuYSGEZBOjtTtPm2lwhGBjLgOzLHB63IUWfBpNucQjND6d3AOudO+H3RWQ==",
      "funding": [
        "https://github.com/sponsors/broofa",
        "https://github.com/sponsors/ctavan"
      ],
      "license": "MIT",
      "bin": {
        "uuid": "dist/bin/uuid"
      }
    }
  }
}
